// !$*UTF8*$!
{
	archiveVersion = 1;
	classes = {
	};
	objectVersion = 46;
	objects = {

/* Begin PBXBuildFile section */
		9B026AD220C5801C006A9241 /* DateTimeValueTransformer.m in Sources */ = {isa = PBXBuildFile; fileRef = 9B026AD120C5801C006A9241 /* DateTimeValueTransformer.m */; };
		9B64BD931D09BCC1008530F1 /* AppDelegate.m in Sources */ = {isa = PBXBuildFile; fileRef = 9B64BD921D09BCC1008530F1 /* AppDelegate.m */; };
		9B64BD951D09BCC1008530F1 /* main.m in Sources */ = {isa = PBXBuildFile; fileRef = 9B64BD941D09BCC1008530F1 /* main.m */; };
		9B64BD971D09BCC1008530F1 /* Images.xcassets in Resources */ = {isa = PBXBuildFile; fileRef = 9B64BD961D09BCC1008530F1 /* Images.xcassets */; };
		9B64BD9A1D09BCC1008530F1 /* MainMenu.xib in Resources */ = {isa = PBXBuildFile; fileRef = 9B64BD981D09BCC1008530F1 /* MainMenu.xib */; };
		9B64BDA61D09BCC1008530F1 /* AutosaveBrowserTests.m in Sources */ = {isa = PBXBuildFile; fileRef = 9B64BDA51D09BCC1008530F1 /* AutosaveBrowserTests.m */; };
		9B64BDB11D09BFC5008530F1 /* MainWindowController.m in Sources */ = {isa = PBXBuildFile; fileRef = 9B64BDB01D09BFC5008530F1 /* MainWindowController.m */; };
		9B64BDB41D0A2131008530F1 /* PrefsWindowController.m in Sources */ = {isa = PBXBuildFile; fileRef = 9B64BDB31D0A2131008530F1 /* PrefsWindowController.m */; };
		9BE791BA1D0EAE9700CBB852 /* FileURLValueTransformer.m in Sources */ = {isa = PBXBuildFile; fileRef = 9BE791B91D0EAE9700CBB852 /* FileURLValueTransformer.m */; };
/* End PBXBuildFile section */

/* Begin PBXContainerItemProxy section */
		9B64BDA01D09BCC1008530F1 /* PBXContainerItemProxy */ = {
			isa = PBXContainerItemProxy;
			containerPortal = 9B64BD841D09BCC1008530F1 /* Project object */;
			proxyType = 1;
			remoteGlobalIDString = 9B64BD8B1D09BCC1008530F1;
			remoteInfo = AutosaveBrowser;
		};
/* End PBXContainerItemProxy section */

/* Begin PBXFileReference section */
		9B026AD020C5801C006A9241 /* DateTimeValueTransformer.h */ = {isa = PBXFileReference; fileEncoding = 4; lastKnownFileType = sourcecode.c.h; path = DateTimeValueTransformer.h; sourceTree = "<group>"; };
		9B026AD120C5801C006A9241 /* DateTimeValueTransformer.m */ = {isa = PBXFileReference; fileEncoding = 4; lastKnownFileType = sourcecode.c.objc; path = DateTimeValueTransformer.m; sourceTree = "<group>"; };
		9B64BD8C1D09BCC1008530F1 /* AutosaveBrowser.app */ = {isa = PBXFileReference; explicitFileType = wrapper.application; includeInIndex = 0; path = AutosaveBrowser.app; sourceTree = BUILT_PRODUCTS_DIR; };
		9B64BD901D09BCC1008530F1 /* Info.plist */ = {isa = PBXFileReference; lastKnownFileType = text.plist.xml; path = Info.plist; sourceTree = "<group>"; };
		9B64BD911D09BCC1008530F1 /* AppDelegate.h */ = {isa = PBXFileReference; lastKnownFileType = sourcecode.c.h; path = AppDelegate.h; sourceTree = "<group>"; };
		9B64BD921D09BCC1008530F1 /* AppDelegate.m */ = {isa = PBXFileReference; lastKnownFileType = sourcecode.c.objc; path = AppDelegate.m; sourceTree = "<group>"; };
		9B64BD941D09BCC1008530F1 /* main.m */ = {isa = PBXFileReference; lastKnownFileType = sourcecode.c.objc; path = main.m; sourceTree = "<group>"; };
		9B64BD961D09BCC1008530F1 /* Images.xcassets */ = {isa = PBXFileReference; lastKnownFileType = folder.assetcatalog; path = Images.xcassets; sourceTree = "<group>"; };
		9B64BD991D09BCC1008530F1 /* Base */ = {isa = PBXFileReference; lastKnownFileType = file.xib; name = Base; path = Base.lproj/MainMenu.xib; sourceTree = "<group>"; };
		9B64BD9F1D09BCC1008530F1 /* AutosaveBrowserTests.xctest */ = {isa = PBXFileReference; explicitFileType = wrapper.cfbundle; includeInIndex = 0; path = AutosaveBrowserTests.xctest; sourceTree = BUILT_PRODUCTS_DIR; };
		9B64BDA41D09BCC1008530F1 /* Info.plist */ = {isa = PBXFileReference; lastKnownFileType = text.plist.xml; path = Info.plist; sourceTree = "<group>"; };
		9B64BDA51D09BCC1008530F1 /* AutosaveBrowserTests.m */ = {isa = PBXFileReference; lastKnownFileType = sourcecode.c.objc; path = AutosaveBrowserTests.m; sourceTree = "<group>"; };
		9B64BDAF1D09BFC5008530F1 /* MainWindowController.h */ = {isa = PBXFileReference; fileEncoding = 4; lastKnownFileType = sourcecode.c.h; path = MainWindowController.h; sourceTree = "<group>"; };
		9B64BDB01D09BFC5008530F1 /* MainWindowController.m */ = {isa = PBXFileReference; fileEncoding = 4; lastKnownFileType = sourcecode.c.objc; path = MainWindowController.m; sourceTree = "<group>"; };
		9B64BDB21D0A2131008530F1 /* PrefsWindowController.h */ = {isa = PBXFileReference; fileEncoding = 4; lastKnownFileType = sourcecode.c.h; path = PrefsWindowController.h; sourceTree = "<group>"; };
		9B64BDB31D0A2131008530F1 /* PrefsWindowController.m */ = {isa = PBXFileReference; fileEncoding = 4; lastKnownFileType = sourcecode.c.objc; path = PrefsWindowController.m; sourceTree = "<group>"; };
		9BE791B81D0EAE9700CBB852 /* FileURLValueTransformer.h */ = {isa = PBXFileReference; fileEncoding = 4; lastKnownFileType = sourcecode.c.h; path = FileURLValueTransformer.h; sourceTree = "<group>"; };
		9BE791B91D0EAE9700CBB852 /* FileURLValueTransformer.m */ = {isa = PBXFileReference; fileEncoding = 4; lastKnownFileType = sourcecode.c.objc; path = FileURLValueTransformer.m; sourceTree = "<group>"; };
/* End PBXFileReference section */

/* Begin PBXFrameworksBuildPhase section */
		9B64BD891D09BCC1008530F1 /* Frameworks */ = {
			isa = PBXFrameworksBuildPhase;
			buildActionMask = 2147483647;
			files = (
			);
			runOnlyForDeploymentPostprocessing = 0;
		};
		9B64BD9C1D09BCC1008530F1 /* Frameworks */ = {
			isa = PBXFrameworksBuildPhase;
			buildActionMask = 2147483647;
			files = (
			);
			runOnlyForDeploymentPostprocessing = 0;
		};
/* End PBXFrameworksBuildPhase section */

/* Begin PBXGroup section */
		9B64BD831D09BCC1008530F1 = {
			isa = PBXGroup;
			children = (
				9B64BD8E1D09BCC1008530F1 /* AutosaveBrowser */,
				9B64BDA21D09BCC1008530F1 /* AutosaveBrowserTests */,
				9B64BD8D1D09BCC1008530F1 /* Products */,
			);
			sourceTree = "<group>";
		};
		9B64BD8D1D09BCC1008530F1 /* Products */ = {
			isa = PBXGroup;
			children = (
				9B64BD8C1D09BCC1008530F1 /* AutosaveBrowser.app */,
				9B64BD9F1D09BCC1008530F1 /* AutosaveBrowserTests.xctest */,
			);
			name = Products;
			sourceTree = "<group>";
		};
		9B64BD8E1D09BCC1008530F1 /* AutosaveBrowser */ = {
			isa = PBXGroup;
			children = (
				9B64BD911D09BCC1008530F1 /* AppDelegate.h */,
				9B64BD921D09BCC1008530F1 /* AppDelegate.m */,
				9B64BD961D09BCC1008530F1 /* Images.xcassets */,
				9B64BD981D09BCC1008530F1 /* MainMenu.xib */,
				9BE791B81D0EAE9700CBB852 /* FileURLValueTransformer.h */,
				9BE791B91D0EAE9700CBB852 /* FileURLValueTransformer.m */,
				9B64BDB21D0A2131008530F1 /* PrefsWindowController.h */,
				9B64BDB31D0A2131008530F1 /* PrefsWindowController.m */,
				9B64BD8F1D09BCC1008530F1 /* Supporting Files */,
				9B64BDAF1D09BFC5008530F1 /* MainWindowController.h */,
				9B64BDB01D09BFC5008530F1 /* MainWindowController.m */,
				9B026AD020C5801C006A9241 /* DateTimeValueTransformer.h */,
				9B026AD120C5801C006A9241 /* DateTimeValueTransformer.m */,
			);
			path = AutosaveBrowser;
			sourceTree = "<group>";
		};
		9B64BD8F1D09BCC1008530F1 /* Supporting Files */ = {
			isa = PBXGroup;
			children = (
				9B64BD901D09BCC1008530F1 /* Info.plist */,
				9B64BD941D09BCC1008530F1 /* main.m */,
			);
			name = "Supporting Files";
			sourceTree = "<group>";
		};
		9B64BDA21D09BCC1008530F1 /* AutosaveBrowserTests */ = {
			isa = PBXGroup;
			children = (
				9B64BDA51D09BCC1008530F1 /* AutosaveBrowserTests.m */,
				9B64BDA31D09BCC1008530F1 /* Supporting Files */,
			);
			path = AutosaveBrowserTests;
			sourceTree = "<group>";
		};
		9B64BDA31D09BCC1008530F1 /* Supporting Files */ = {
			isa = PBXGroup;
			children = (
				9B64BDA41D09BCC1008530F1 /* Info.plist */,
			);
			name = "Supporting Files";
			sourceTree = "<group>";
		};
/* End PBXGroup section */

/* Begin PBXNativeTarget section */
		9B64BD8B1D09BCC1008530F1 /* AutosaveBrowser */ = {
			isa = PBXNativeTarget;
			buildConfigurationList = 9B64BDA91D09BCC1008530F1 /* Build configuration list for PBXNativeTarget "AutosaveBrowser" */;
			buildPhases = (
				9B64BD881D09BCC1008530F1 /* Sources */,
				9B64BD891D09BCC1008530F1 /* Frameworks */,
				9B64BD8A1D09BCC1008530F1 /* Resources */,
			);
			buildRules = (
			);
			dependencies = (
			);
			name = AutosaveBrowser;
			productName = AutosaveBrowser;
			productReference = 9B64BD8C1D09BCC1008530F1 /* AutosaveBrowser.app */;
			productType = "com.apple.product-type.application";
		};
		9B64BD9E1D09BCC1008530F1 /* AutosaveBrowserTests */ = {
			isa = PBXNativeTarget;
			buildConfigurationList = 9B64BDAC1D09BCC1008530F1 /* Build configuration list for PBXNativeTarget "AutosaveBrowserTests" */;
			buildPhases = (
				9B64BD9B1D09BCC1008530F1 /* Sources */,
				9B64BD9C1D09BCC1008530F1 /* Frameworks */,
				9B64BD9D1D09BCC1008530F1 /* Resources */,
			);
			buildRules = (
			);
			dependencies = (
				9B64BDA11D09BCC1008530F1 /* PBXTargetDependency */,
			);
			name = AutosaveBrowserTests;
			productName = AutosaveBrowserTests;
			productReference = 9B64BD9F1D09BCC1008530F1 /* AutosaveBrowserTests.xctest */;
			productType = "com.apple.product-type.bundle.unit-test";
		};
/* End PBXNativeTarget section */

/* Begin PBXProject section */
		9B64BD841D09BCC1008530F1 /* Project object */ = {
			isa = PBXProject;
			attributes = {
				LastUpgradeCheck = 0620;
				ORGANIZATIONNAME = "Guardian News & Media";
				TargetAttributes = {
					9B64BD8B1D09BCC1008530F1 = {
						CreatedOnToolsVersion = 6.2;
					};
					9B64BD9E1D09BCC1008530F1 = {
						CreatedOnToolsVersion = 6.2;
						TestTargetID = 9B64BD8B1D09BCC1008530F1;
					};
				};
			};
			buildConfigurationList = 9B64BD871D09BCC1008530F1 /* Build configuration list for PBXProject "AutosaveBrowser" */;
			compatibilityVersion = "Xcode 3.2";
			developmentRegion = English;
			hasScannedForEncodings = 0;
			knownRegions = (
				en,
				Base,
			);
			mainGroup = 9B64BD831D09BCC1008530F1;
			productRefGroup = 9B64BD8D1D09BCC1008530F1 /* Products */;
			projectDirPath = "";
			projectRoot = "";
			targets = (
				9B64BD8B1D09BCC1008530F1 /* AutosaveBrowser */,
				9B64BD9E1D09BCC1008530F1 /* AutosaveBrowserTests */,
			);
		};
/* End PBXProject section */

/* Begin PBXResourcesBuildPhase section */
		9B64BD8A1D09BCC1008530F1 /* Resources */ = {
			isa = PBXResourcesBuildPhase;
			buildActionMask = 2147483647;
			files = (
				9B64BD971D09BCC1008530F1 /* Images.xcassets in Resources */,
				9B64BD9A1D09BCC1008530F1 /* MainMenu.xib in Resources */,
			);
			runOnlyForDeploymentPostprocessing = 0;
		};
		9B64BD9D1D09BCC1008530F1 /* Resources */ = {
			isa = PBXResourcesBuildPhase;
			buildActionMask = 2147483647;
			files = (
			);
			runOnlyForDeploymentPostprocessing = 0;
		};
/* End PBXResourcesBuildPhase section */

/* Begin PBXSourcesBuildPhase section */
		9B64BD881D09BCC1008530F1 /* Sources */ = {
			isa = PBXSourcesBuildPhase;
			buildActionMask = 2147483647;
			files = (
				9B026AD220C5801C006A9241 /* DateTimeValueTransformer.m in Sources */,
				9B64BDB11D09BFC5008530F1 /* MainWindowController.m in Sources */,
				9B64BD951D09BCC1008530F1 /* main.m in Sources */,
				9B64BDB41D0A2131008530F1 /* PrefsWindowController.m in Sources */,
				9BE791BA1D0EAE9700CBB852 /* FileURLValueTransformer.m in Sources */,
				9B64BD931D09BCC1008530F1 /* AppDelegate.m in Sources */,
			);
			runOnlyForDeploymentPostprocessing = 0;
		};
		9B64BD9B1D09BCC1008530F1 /* Sources */ = {
			isa = PBXSourcesBuildPhase;
			buildActionMask = 2147483647;
			files = (
				9B64BDA61D09BCC1008530F1 /* AutosaveBrowserTests.m in Sources */,
			);
			runOnlyForDeploymentPostprocessing = 0;
		};
/* End PBXSourcesBuildPhase section */

/* Begin PBXTargetDependency section */
		9B64BDA11D09BCC1008530F1 /* PBXTargetDependency */ = {
			isa = PBXTargetDependency;
			target = 9B64BD8B1D09BCC1008530F1 /* AutosaveBrowser */;
			targetProxy = 9B64BDA01D09BCC1008530F1 /* PBXContainerItemProxy */;
		};
/* End PBXTargetDependency section */

/* Begin PBXVariantGroup section */
		9B64BD981D09BCC1008530F1 /* MainMenu.xib */ = {
			isa = PBXVariantGroup;
			children = (
				9B64BD991D09BCC1008530F1 /* Base */,
			);
			name = MainMenu.xib;
			sourceTree = "<group>";
		};
/* End PBXVariantGroup section */

/* Begin XCBuildConfiguration section */
		9B64BDA71D09BCC1008530F1 /* Debug */ = {
			isa = XCBuildConfiguration;
			buildSettings = {
				ALWAYS_SEARCH_USER_PATHS = NO;
				CLANG_CXX_LANGUAGE_STANDARD = "gnu++0x";
				CLANG_CXX_LIBRARY = "libc++";
				CLANG_ENABLE_MODULES = YES;
				CLANG_ENABLE_OBJC_ARC = YES;
				CLANG_WARN_BOOL_CONVERSION = YES;
				CLANG_WARN_CONSTANT_CONVERSION = YES;
				CLANG_WARN_DIRECT_OBJC_ISA_USAGE = YES_ERROR;
				CLANG_WARN_EMPTY_BODY = YES;
				CLANG_WARN_ENUM_CONVERSION = YES;
				CLANG_WARN_INT_CONVERSION = YES;
				CLANG_WARN_OBJC_ROOT_CLASS = YES_ERROR;
				CLANG_WARN_UNREACHABLE_CODE = YES;
				CLANG_WARN__DUPLICATE_METHOD_MATCH = YES;
				CODE_SIGN_IDENTITY = "-";
				COPY_PHASE_STRIP = NO;
				ENABLE_STRICT_OBJC_MSGSEND = YES;
				GCC_C_LANGUAGE_STANDARD = gnu99;
				GCC_DYNAMIC_NO_PIC = NO;
				GCC_OPTIMIZATION_LEVEL = 0;
				GCC_PREPROCESSOR_DEFINITIONS = (
					"DEBUG=1",
					"$(inherited)",
				);
				GCC_SYMBOLS_PRIVATE_EXTERN = NO;
				GCC_WARN_64_TO_32_BIT_CONVERSION = YES;
				GCC_WARN_ABOUT_RETURN_TYPE = YES_ERROR;
				GCC_WARN_UNDECLARED_SELECTOR = YES;
				GCC_WARN_UNINITIALIZED_AUTOS = YES_AGGRESSIVE;
				GCC_WARN_UNUSED_FUNCTION = YES;
				GCC_WARN_UNUSED_VARIABLE = YES;
				MACOSX_DEPLOYMENT_TARGET = 10.9;
				MTL_ENABLE_DEBUG_INFO = YES;
				ONLY_ACTIVE_ARCH = YES;
				SDKROOT = macosx;
			};
			name = Debug;
		};
		9B64BDA81D09BCC1008530F1 /* Release */ = {
			isa = XCBuildConfiguration;
			buildSettings = {
				ALWAYS_SEARCH_USER_PATHS = NO;
				CLANG_CXX_LANGUAGE_STANDARD = "gnu++0x";
				CLANG_CXX_LIBRARY = "libc++";
				CLANG_ENABLE_MODULES = YES;
				CLANG_ENABLE_OBJC_ARC = YES;
				CLANG_WARN_BOOL_CONVERSION = YES;
				CLANG_WARN_CONSTANT_CONVERSION = YES;
				CLANG_WARN_DIRECT_OBJC_ISA_USAGE = YES_ERROR;
				CLANG_WARN_EMPTY_BODY = YES;
				CLANG_WARN_ENUM_CONVERSION = YES;
				CLANG_WARN_INT_CONVERSION = YES;
				CLANG_WARN_OBJC_ROOT_CLASS = YES_ERROR;
				CLANG_WARN_UNREACHABLE_CODE = YES;
				CLANG_WARN__DUPLICATE_METHOD_MATCH = YES;
				CODE_SIGN_IDENTITY = "-";
				COPY_PHASE_STRIP = NO;
				DEBUG_INFORMATION_FORMAT = "dwarf-with-dsym";
				ENABLE_NS_ASSERTIONS = NO;
				ENABLE_STRICT_OBJC_MSGSEND = YES;
				GCC_C_LANGUAGE_STANDARD = gnu99;
				GCC_WARN_64_TO_32_BIT_CONVERSION = YES;
				GCC_WARN_ABOUT_RETURN_TYPE = YES_ERROR;
				GCC_WARN_UNDECLARED_SELECTOR = YES;
				GCC_WARN_UNINITIALIZED_AUTOS = YES_AGGRESSIVE;
				GCC_WARN_UNUSED_FUNCTION = YES;
				GCC_WARN_UNUSED_VARIABLE = YES;
				MACOSX_DEPLOYMENT_TARGET = 10.9;
				MTL_ENABLE_DEBUG_INFO = NO;
				SDKROOT = macosx;
			};
			name = Release;
		};
		9B64BDAA1D09BCC1008530F1 /* Debug */ = {
			isa = XCBuildConfiguration;
			buildSettings = {
				ASSETCATALOG_COMPILER_APPICON_NAME = AppIcon;
				COMBINE_HIDPI_IMAGES = YES;
				INFOPLIST_FILE = AutosaveBrowser/Info.plist;
				LD_RUNPATH_SEARCH_PATHS = "$(inherited) @executable_path/../Frameworks";
				PRODUCT_NAME = "$(TARGET_NAME)";
			};
			name = Debug;
		};
		9B64BDAB1D09BCC1008530F1 /* Release */ = {
			isa = XCBuildConfiguration;
			buildSettings = {
				ASSETCATALOG_COMPILER_APPICON_NAME = AppIcon;
				COMBINE_HIDPI_IMAGES = YES;
				INFOPLIST_FILE = AutosaveBrowser/Info.plist;
				LD_RUNPATH_SEARCH_PATHS = "$(inherited) @executable_path/../Frameworks";
				PRODUCT_NAME = "$(TARGET_NAME)";
			};
			name = Release;
		};
		9B64BDAD1D09BCC1008530F1 /* Debug */ = {
			isa = XCBuildConfiguration;
			buildSettings = {
				BUNDLE_LOADER = "$(TEST_HOST)";
				COMBINE_HIDPI_IMAGES = YES;
				FRAMEWORK_SEARCH_PATHS = (
					"$(DEVELOPER_FRAMEWORKS_DIR)",
					"$(inherited)",
				);
				GCC_PREPROCESSOR_DEFINITIONS = (
					"DEBUG=1",
					"$(inherited)",
				);
				INFOPLIST_FILE = AutosaveBrowserTests/Info.plist;
				LD_RUNPATH_SEARCH_PATHS = "$(inherited) @executable_path/../Frameworks @loader_path/../Frameworks";
				PRODUCT_NAME = "$(TARGET_NAME)";
				TEST_HOST = "$(BUILT_PRODUCTS_DIR)/AutosaveBrowser.app/Contents/MacOS/AutosaveBrowser";
			};
			name = Debug;
		};
		9B64BDAE1D09BCC1008530F1 /* Release */ = {
			isa = XCBuildConfiguration;
			buildSettings = {
				BUNDLE_LOADER = "$(TEST_HOST)";
				COMBINE_HIDPI_IMAGES = YES;
				FRAMEWORK_SEARCH_PATHS = (
					"$(DEVELOPER_FRAMEWORKS_DIR)",
					"$(inherited)",
				);
				INFOPLIST_FILE = AutosaveBrowserTests/Info.plist;
				LD_RUNPATH_SEARCH_PATHS = "$(inherited) @executable_path/../Frameworks @loader_path/../Frameworks";
				PRODUCT_NAME = "$(TARGET_NAME)";
				TEST_HOST = "$(BUILT_PRODUCTS_DIR)/AutosaveBrowser.app/Contents/MacOS/AutosaveBrowser";
			};
			name = Release;
		};
/* End XCBuildConfiguration section */

/* Begin XCConfigurationList section */
		9B64BD871D09BCC1008530F1 /* Build configuration list for PBXProject "AutosaveBrowser" */ = {
			isa = XCConfigurationList;
			buildConfigurations = (
				9B64BDA71D09BCC1008530F1 /* Debug */,
				9B64BDA81D09BCC1008530F1 /* Release */,
			);
			defaultConfigurationIsVisible = 0;
			defaultConfigurationName = Release;
		};
		9B64BDA91D09BCC1008530F1 /* Build configuration list for PBXNativeTarget "AutosaveBrowser" */ = {
			isa = XCConfigurationList;
			buildConfigurations = (
				9B64BDAA1D09BCC1008530F1 /* Debug */,
				9B64BDAB1D09BCC1008530F1 /* Release */,
			);
			defaultConfigurationIsVisible = 0;
			defaultConfigurationName = Release;
		};
		9B64BDAC1D09BCC1008530F1 /* Build configuration list for PBXNativeTarget "AutosaveBrowserTests" */ = {
			isa = XCConfigurationList;
			buildConfigurations = (
				9B64BDAD1D09BCC1008530F1 /* Debug */,
				9B64BDAE1D09BCC1008530F1 /* Release */,
			);
			defaultConfigurationIsVisible = 0;
			defaultConfigurationName = Release;
		};
/* End XCConfigurationList section */
	};
	rootObject = 9B64BD841D09BCC1008530F1 /* Project object */;
}
